
Microsoft Visual Studio Solution File, Format Version 12.00
# Visual Studio Version 16
VisualStudioVersion = 16.0.30320.27
MinimumVisualStudioVersion = 10.0.40219.1
Project("{FAE04EC0-301F-11D3-BF4B-00C04F79EFBC}") = "MVCDemo", "MVCDemo\MVCDemo.csproj", "{F1A5ABBE-9B02-4E33-95BF-6E3FFDC4E615}"
EndProject
Global
	GlobalSection(SolutionConfigurationPlatforms) = preSolution
		Debug|Any CPU = Debug|Any CPU
		Release|Any CPU = Release|Any CPU
	EndGlobalSection
	GlobalSection(ProjectConfigurationPlatforms) = postSolution
		{F1A5ABBE-9B02-4E33-95BF-6E3FFDC4E615}.Debug|Any CPU.ActiveCfg = Debug|Any CPU
		{F1A5ABBE-9B02-4E33-95BF-6E3FFDC4E615}.Debug|Any CPU.Build.0 = Debug|Any CPU
		{F1A5ABBE-9B02-4E33-95BF-6E3FFDC4E615}.Release|Any CPU.ActiveCfg = Release|Any CPU
		{F1A5ABBE-9B02-4E33-95BF-6E3FFDC4E615}.Release|Any CPU.Build.0 = Release|Any CPU
	EndGlobalSection
	GlobalSection(SolutionProperties) = preSolution
		HideSolutionNode = FALSE
	EndGlobalSection
	GlobalSection(ExtensibilityGlobals) = postSolution
		SolutionGuid = {B3C05F44-9E95-4310-ABF4-F79E4F75D472}
	EndGlobalSection
EndGlobal
